
Microsoft Visual Studio Solution File, Format Version 12.00
# Visual Studio Express 2012 for Windows Desktop
Project("{FAE04EC0-301F-11D3-BF4B-00C04F79EFBC}") = "Mozgovoi1_9", "Mozgovoi1_9\Mozgovoi1_9.csproj", "{493A65DE-9D67-4223-8F54-7F4555E063A3}"
EndProject
Global
	GlobalSection(SolutionConfigurationPlatforms) = preSolution
		Debug|Any CPU = Debug|Any CPU
		Release|Any CPU = Release|Any CPU
	EndGlobalSection
	GlobalSection(ProjectConfigurationPlatforms) = postSolution
		{493A65DE-9D67-4223-8F54-7F4555E063A3}.Debug|Any CPU.ActiveCfg = Debug|Any CPU
		{493A65DE-9D67-4223-8F54-7F4555E063A3}.Debug|Any CPU.Build.0 = Debug|Any CPU
		{493A65DE-9D67-4223-8F54-7F4555E063A3}.Release|Any CPU.ActiveCfg = Release|Any CPU
		{493A65DE-9D67-4223-8F54-7F4555E063A3}.Release|Any CPU.Build.0 = Release|Any CPU
	EndGlobalSection
	GlobalSection(SolutionProperties) = preSolution
		HideSolutionNode = FALSE
	EndGlobalSection
EndGlobal
